
Microsoft Visual Studio Solution File, Format Version 12.00
# Visual Studio 15
VisualStudioVersion = 15.0.28307.960
MinimumVisualStudioVersion = 10.0.40219.1
Project("{FAE04EC0-301F-11D3-BF4B-00C04F79EFBC}") = "myAutoClick", "meuautoclick\myAutoClick.csproj", "{0DA083D0-CBA7-4295-8958-F2CDE32283E0}"
EndProject
Global
	GlobalSection(SolutionConfigurationPlatforms) = preSolution
		Debug|Any CPU = Debug|Any CPU
		Release|Any CPU = Release|Any CPU
	EndGlobalSection
	GlobalSection(ProjectConfigurationPlatforms) = postSolution
		{0DA083D0-CBA7-4295-8958-F2CDE32283E0}.Debug|Any CPU.ActiveCfg = Debug|Any CPU
		{0DA083D0-CBA7-4295-8958-F2CDE32283E0}.Debug|Any CPU.Build.0 = Debug|Any CPU
		{0DA083D0-CBA7-4295-8958-F2CDE32283E0}.Release|Any CPU.ActiveCfg = Release|Any CPU
		{0DA083D0-CBA7-4295-8958-F2CDE32283E0}.Release|Any CPU.Build.0 = Release|Any CPU
	EndGlobalSection
	GlobalSection(SolutionProperties) = preSolution
		HideSolutionNode = FALSE
	EndGlobalSection
	GlobalSection(ExtensibilityGlobals) = postSolution
		SolutionGuid = {C06AB585-B4F3-4A3A-B591-5BDB86575FB9}
	EndGlobalSection
EndGlobal
